
Microsoft Visual Studio Solution File, Format Version 12.00
# Visual Studio 15
VisualStudioVersion = 15.0.28010.2048
MinimumVisualStudioVersion = 10.0.40219.1
Project("{FAE04EC0-301F-11D3-BF4B-00C04F79EFBC}") = "file-upload-api", "file-upload-api.csproj", "{115B8622-6DC6-42FC-BF7C-CB329986E89B}"
EndProject
Global
	GlobalSection(SolutionConfigurationPlatforms) = preSolution
		Debug|Any CPU = Debug|Any CPU
		Release|Any CPU = Release|Any CPU
	EndGlobalSection
	GlobalSection(ProjectConfigurationPlatforms) = postSolution
		{115B8622-6DC6-42FC-BF7C-CB329986E89B}.Debug|Any CPU.ActiveCfg = Debug|Any CPU
		{115B8622-6DC6-42FC-BF7C-CB329986E89B}.Debug|Any CPU.Build.0 = Debug|Any CPU
		{115B8622-6DC6-42FC-BF7C-CB329986E89B}.Release|Any CPU.ActiveCfg = Release|Any CPU
		{115B8622-6DC6-42FC-BF7C-CB329986E89B}.Release|Any CPU.Build.0 = Release|Any CPU
	EndGlobalSection
	GlobalSection(SolutionProperties) = preSolution
		HideSolutionNode = FALSE
	EndGlobalSection
	GlobalSection(ExtensibilityGlobals) = postSolution
		SolutionGuid = {2951E815-D975-45BF-BB2C-8A99DD1D1E93}
	EndGlobalSection
EndGlobal
